
Microsoft Visual Studio Solution File, Format Version 12.00
# Visual Studio Version 16
VisualStudioVersion = 16.0.29920.165
MinimumVisualStudioVersion = 10.0.40219.1
Project("{FAE04EC0-301F-11D3-BF4B-00C04F79EFBC}") = "Tests", "Tests\Tests.csproj", "{6FFE3C77-305F-4F7E-8413-83ECCDA6D686}"
EndProject
Project("{FAE04EC0-301F-11D3-BF4B-00C04F79EFBC}") = "InstanceCreator", "InstanceCreator\InstanceCreator.csproj", "{83AFDA7A-49D3-4D15-8031-E9A3A2310FE3}"
EndProject
Project("{9A19103F-16F7-4668-BE54-9A1E7A4F7556}") = "Benchmarks", "Benchmarks\Benchmarks.csproj", "{80AA7450-316F-4B5B-AAF2-D54C1BF7072E}"
EndProject
Global
	GlobalSection(SolutionConfigurationPlatforms) = preSolution
		Debug|Any CPU = Debug|Any CPU
		Release|Any CPU = Release|Any CPU
	EndGlobalSection
	GlobalSection(ProjectConfigurationPlatforms) = postSolution
		{6FFE3C77-305F-4F7E-8413-83ECCDA6D686}.Debug|Any CPU.ActiveCfg = Debug|Any CPU
		{6FFE3C77-305F-4F7E-8413-83ECCDA6D686}.Debug|Any CPU.Build.0 = Debug|Any CPU
		{6FFE3C77-305F-4F7E-8413-83ECCDA6D686}.Release|Any CPU.ActiveCfg = Release|Any CPU
		{6FFE3C77-305F-4F7E-8413-83ECCDA6D686}.Release|Any CPU.Build.0 = Release|Any CPU
		{83AFDA7A-49D3-4D15-8031-E9A3A2310FE3}.Debug|Any CPU.ActiveCfg = Debug|Any CPU
		{83AFDA7A-49D3-4D15-8031-E9A3A2310FE3}.Debug|Any CPU.Build.0 = Debug|Any CPU
		{83AFDA7A-49D3-4D15-8031-E9A3A2310FE3}.Release|Any CPU.ActiveCfg = Release|Any CPU
		{83AFDA7A-49D3-4D15-8031-E9A3A2310FE3}.Release|Any CPU.Build.0 = Release|Any CPU
		{80AA7450-316F-4B5B-AAF2-D54C1BF7072E}.Debug|Any CPU.ActiveCfg = Debug|Any CPU
		{80AA7450-316F-4B5B-AAF2-D54C1BF7072E}.Debug|Any CPU.Build.0 = Debug|Any CPU
		{80AA7450-316F-4B5B-AAF2-D54C1BF7072E}.Release|Any CPU.ActiveCfg = Release|Any CPU
		{80AA7450-316F-4B5B-AAF2-D54C1BF7072E}.Release|Any CPU.Build.0 = Release|Any CPU
	EndGlobalSection
	GlobalSection(SolutionProperties) = preSolution
		HideSolutionNode = FALSE
	EndGlobalSection
	GlobalSection(ExtensibilityGlobals) = postSolution
		SolutionGuid = {A2CD12CD-08B3-4935-A00A-7DA087167CFF}
	EndGlobalSection
EndGlobal
